
Microsoft Visual Studio Solution File, Format Version 12.00
# Visual Studio Version 17
VisualStudioVersion = 17.13.35919.96 d17.13
MinimumVisualStudioVersion = 10.0.40219.1
Project("{FAE04EC0-301F-11D3-BF4B-00C04F79EFBC}") = "ECommerceBoutique", "ECommerceBoutique.csproj", "{3A39C5FF-D6CD-4F4C-B286-72C6DC636F76}"
EndProject
Global
	GlobalSection(SolutionConfigurationPlatforms) = preSolution
		Debug|Any CPU = Debug|Any CPU
		Release|Any CPU = Release|Any CPU
	EndGlobalSection
	GlobalSection(ProjectConfigurationPlatforms) = postSolution
		{3A39C5FF-D6CD-4F4C-B286-72C6DC636F76}.Debug|Any CPU.ActiveCfg = Debug|Any CPU
		{3A39C5FF-D6CD-4F4C-B286-72C6DC636F76}.Debug|Any CPU.Build.0 = Debug|Any CPU
		{3A39C5FF-D6CD-4F4C-B286-72C6DC636F76}.Release|Any CPU.ActiveCfg = Release|Any CPU
		{3A39C5FF-D6CD-4F4C-B286-72C6DC636F76}.Release|Any CPU.Build.0 = Release|Any CPU
	EndGlobalSection
	GlobalSection(SolutionProperties) = preSolution
		HideSolutionNode = FALSE
	EndGlobalSection
	GlobalSection(ExtensibilityGlobals) = postSolution
		SolutionGuid = {D65C5A21-3419-45D7-B823-7045709C12E4}
	EndGlobalSection
EndGlobal
